
Microsoft Visual Studio Solution File, Format Version 12.00
# Visual Studio Version 17
VisualStudioVersion = 17.6.33723.286
MinimumVisualStudioVersion = 10.0.40219.1
Project("{FAE04EC0-301F-11D3-BF4B-00C04F79EFBC}") = "GeneralizedTypes", "GeneralizedTypes\GeneralizedTypes.csproj", "{416E9426-13F9-4C58-8664-3F67CF2BB7EE}"
EndProject
Global
	GlobalSection(SolutionConfigurationPlatforms) = preSolution
		Debug|Any CPU = Debug|Any CPU
		Release|Any CPU = Release|Any CPU
	EndGlobalSection
	GlobalSection(ProjectConfigurationPlatforms) = postSolution
		{416E9426-13F9-4C58-8664-3F67CF2BB7EE}.Debug|Any CPU.ActiveCfg = Debug|Any CPU
		{416E9426-13F9-4C58-8664-3F67CF2BB7EE}.Debug|Any CPU.Build.0 = Debug|Any CPU
		{416E9426-13F9-4C58-8664-3F67CF2BB7EE}.Release|Any CPU.ActiveCfg = Release|Any CPU
		{416E9426-13F9-4C58-8664-3F67CF2BB7EE}.Release|Any CPU.Build.0 = Release|Any CPU
	EndGlobalSection
	GlobalSection(SolutionProperties) = preSolution
		HideSolutionNode = FALSE
	EndGlobalSection
	GlobalSection(ExtensibilityGlobals) = postSolution
		SolutionGuid = {CA7807E1-CA00-44CC-906C-7A82A26B829A}
	EndGlobalSection
EndGlobal
